{
  "requires": true,
  "lockfileVersion": 1,
  "dependencies": {
    "v-calendar": {
      "version": "0.9.7",
      "resolved": "https://registry.npmjs.org/v-calendar/-/v-calendar-0.9.7.tgz",
      "integrity": "sha512-xwSS7i81WGKkQfbNQ0SFdjPBKuXVK4F4y2rT1SGI8oiQbYyoI0PgT1NT0RZ+8FaFeEog6pms6ZMUAswrUe8QHg==",
      "requires": {
        "vue": "2.5.16"
      }
    },
    "vue": {
      "version": "2.5.16",
      "resolved": "https://registry.npmjs.org/vue/-/vue-2.5.16.tgz",
      "integrity": "sha512-/ffmsiVuPC8PsWcFkZngdpas19ABm5mh2wA7iDqcltyCTwlgZjHGeJYOXkBMo422iPwIcviOtrTCUpSfXmToLQ=="
    }
  }
}
